// !$*UTF8*$!
{
	archiveVersion = 1;
	classes = {
	};
	objectVersion = 56;
	objects = {

/* Begin PBXBuildFile section */
		9CC637E829DA739000C6BB3E /* insta_swiftuiApp.swift in Sources */ = {isa = PBXBuildFile; fileRef = 9CC637E729DA739000C6BB3E /* insta_swiftuiApp.swift */; };
		9CC637EA29DA739000C6BB3E /* ContentView.swift in Sources */ = {isa = PBXBuildFile; fileRef = 9CC637E929DA739000C6BB3E /* ContentView.swift */; };
		9CC637EC29DA739100C6BB3E /* Assets.xcassets in Resources */ = {isa = PBXBuildFile; fileRef = 9CC637EB29DA739100C6BB3E /* Assets.xcassets */; };
		9CC637EF29DA739100C6BB3E /* Preview Assets.xcassets in Resources */ = {isa = PBXBuildFile; fileRef = 9CC637EE29DA739100C6BB3E /* Preview Assets.xcassets */; };
		9CC637F929DA739200C6BB3E /* insta_swiftuiTests.swift in Sources */ = {isa = PBXBuildFile; fileRef = 9CC637F829DA739200C6BB3E /* insta_swiftuiTests.swift */; };
		9CC6380329DA739200C6BB3E /* insta_swiftuiUITests.swift in Sources */ = {isa = PBXBuildFile; fileRef = 9CC6380229DA739200C6BB3E /* insta_swiftuiUITests.swift */; };
		9CC6380529DA739200C6BB3E /* insta_swiftuiUITestsLaunchTests.swift in Sources */ = {isa = PBXBuildFile; fileRef = 9CC6380429DA739200C6BB3E /* insta_swiftuiUITestsLaunchTests.swift */; };
/* End PBXBuildFile section */

/* Begin PBXContainerItemProxy section */
		9CC637F529DA739200C6BB3E /* PBXContainerItemProxy */ = {
			isa = PBXContainerItemProxy;
			containerPortal = 9CC637DC29DA739000C6BB3E /* Project object */;
			proxyType = 1;
			remoteGlobalIDString = 9CC637E329DA739000C6BB3E;
			remoteInfo = insta_swiftui;
		};
		9CC637FF29DA739200C6BB3E /* PBXContainerItemProxy */ = {
			isa = PBXContainerItemProxy;
			containerPortal = 9CC637DC29DA739000C6BB3E /* Project object */;
			proxyType = 1;
			remoteGlobalIDString = 9CC637E329DA739000C6BB3E;
			remoteInfo = insta_swiftui;
		};
/* End PBXContainerItemProxy section */

/* Begin PBXFileReference section */
		9CC637E429DA739000C6BB3E /* insta_swiftui.app */ = {isa = PBXFileReference; explicitFileType = wrapper.application; includeInIndex = 0; path = insta_swiftui.app; sourceTree = BUILT_PRODUCTS_DIR; };
		9CC637E729DA739000C6BB3E /* insta_swiftuiApp.swift */ = {isa = PBXFileReference; lastKnownFileType = sourcecode.swift; path = insta_swiftuiApp.swift; sourceTree = "<group>"; };
		9CC637E929DA739000C6BB3E /* ContentView.swift */ = {isa = PBXFileReference; lastKnownFileType = sourcecode.swift; path = ContentView.swift; sourceTree = "<group>"; };
		9CC637EB29DA739100C6BB3E /* Assets.xcassets */ = {isa = PBXFileReference; lastKnownFileType = folder.assetcatalog; path = Assets.xcassets; sourceTree = "<group>"; };
		9CC637EE29DA739100C6BB3E /* Preview Assets.xcassets */ = {isa = PBXFileReference; lastKnownFileType = folder.assetcatalog; path = "Preview Assets.xcassets"; sourceTree = "<group>"; };
		9CC637F429DA739200C6BB3E /* insta_swiftuiTests.xctest */ = {isa = PBXFileReference; explicitFileType = wrapper.cfbundle; includeInIndex = 0; path = insta_swiftuiTests.xctest; sourceTree = BUILT_PRODUCTS_DIR; };
		9CC637F829DA739200C6BB3E /* insta_swiftuiTests.swift */ = {isa = PBXFileReference; lastKnownFileType = sourcecode.swift; path = insta_swiftuiTests.swift; sourceTree = "<group>"; };
		9CC637FE29DA739200C6BB3E /* insta_swiftuiUITests.xctest */ = {isa = PBXFileReference; explicitFileType = wrapper.cfbundle; includeInIndex = 0; path = insta_swiftuiUITests.xctest; sourceTree = BUILT_PRODUCTS_DIR; };
		9CC6380229DA739200C6BB3E /* insta_swiftuiUITests.swift */ = {isa = PBXFileReference; lastKnownFileType = sourcecode.swift; path = insta_swiftuiUITests.swift; sourceTree = "<group>"; };
		9CC6380429DA739200C6BB3E /* insta_swiftuiUITestsLaunchTests.swift */ = {isa = PBXFileReference; lastKnownFileType = sourcecode.swift; path = insta_swiftuiUITestsLaunchTests.swift; sourceTree = "<group>"; };
/* End PBXFileReference section */

/* Begin PBXFrameworksBuildPhase section */
		9CC637E129DA739000C6BB3E /* Frameworks */ = {
			isa = PBXFrameworksBuildPhase;
			buildActionMask = 2147483647;
			files = (
			);
			runOnlyForDeploymentPostprocessing = 0;
		};
		9CC637F129DA739200C6BB3E /* Frameworks */ = {
			isa = PBXFrameworksBuildPhase;
			buildActionMask = 2147483647;
			files = (
			);
			runOnlyForDeploymentPostprocessing = 0;
		};
		9CC637FB29DA739200C6BB3E /* Frameworks */ = {
			isa = PBXFrameworksBuildPhase;
			buildActionMask = 2147483647;
			files = (
			);
			runOnlyForDeploymentPostprocessing = 0;
		};
/* End PBXFrameworksBuildPhase section */

/* Begin PBXGroup section */
		9CC637DB29DA739000C6BB3E = {
			isa = PBXGroup;
			children = (
				9CC637E629DA739000C6BB3E /* insta_swiftui */,
				9CC637F729DA739200C6BB3E /* insta_swiftuiTests */,
				9CC6380129DA739200C6BB3E /* insta_swiftuiUITests */,
				9CC637E529DA739000C6BB3E /* Products */,
			);
			sourceTree = "<group>";
		};
		9CC637E529DA739000C6BB3E /* Products */ = {
			isa = PBXGroup;
			children = (
				9CC637E429DA739000C6BB3E /* insta_swiftui.app */,
				9CC637F429DA739200C6BB3E /* insta_swiftuiTests.xctest */,
				9CC637FE29DA739200C6BB3E /* insta_swiftuiUITests.xctest */,
			);
			name = Products;
			sourceTree = "<group>";
		};
		9CC637E629DA739000C6BB3E /* insta_swiftui */ = {
			isa = PBXGroup;
			children = (
				9CC637E729DA739000C6BB3E /* insta_swiftuiApp.swift */,
				9CC637E929DA739000C6BB3E /* ContentView.swift */,
				9CC637EB29DA739100C6BB3E /* Assets.xcassets */,
				9CC637ED29DA739100C6BB3E /* Preview Content */,
			);
			path = insta_swiftui;
			sourceTree = "<group>";
		};
		9CC637ED29DA739100C6BB3E /* Preview Content */ = {
			isa = PBXGroup;
			children = (
				9CC637EE29DA739100C6BB3E /* Preview Assets.xcassets */,
			);
			path = "Preview Content";
			sourceTree = "<group>";
		};
		9CC637F729DA739200C6BB3E /* insta_swiftuiTests */ = {
			isa = PBXGroup;
			children = (
				9CC637F829DA739200C6BB3E /* insta_swiftuiTests.swift */,
			);
			path = insta_swiftuiTests;
			sourceTree = "<group>";
		};
		9CC6380129DA739200C6BB3E /* insta_swiftuiUITests */ = {
			isa = PBXGroup;
			children = (
				9CC6380229DA739200C6BB3E /* insta_swiftuiUITests.swift */,
				9CC6380429DA739200C6BB3E /* insta_swiftuiUITestsLaunchTests.swift */,
			);
			path = insta_swiftuiUITests;
			sourceTree = "<group>";
		};
/* End PBXGroup section */

/* Begin PBXNativeTarget section */
		9CC637E329DA739000C6BB3E /* insta_swiftui */ = {
			isa = PBXNativeTarget;
			buildConfigurationList = 9CC6380829DA739200C6BB3E /* Build configuration list for PBXNativeTarget "insta_swiftui" */;
			buildPhases = (
				9CC637E029DA739000C6BB3E /* Sources */,
				9CC637E129DA739000C6BB3E /* Frameworks */,
				9CC637E229DA739000C6BB3E /* Resources */,
			);
			buildRules = (
			);
			dependencies = (
			);
			name = insta_swiftui;
			productName = insta_swiftui;
			productReference = 9CC637E429DA739000C6BB3E /* insta_swiftui.app */;
			productType = "com.apple.product-type.application";
		};
		9CC637F329DA739200C6BB3E /* insta_swiftuiTests */ = {
			isa = PBXNativeTarget;
			buildConfigurationList = 9CC6380B29DA739200C6BB3E /* Build configuration list for PBXNativeTarget "insta_swiftuiTests" */;
			buildPhases = (
				9CC637F029DA739200C6BB3E /* Sources */,
				9CC637F129DA739200C6BB3E /* Frameworks */,
				9CC637F229DA739200C6BB3E /* Resources */,
			);
			buildRules = (
			);
			dependencies = (
				9CC637F629DA739200C6BB3E /* PBXTargetDependency */,
			);
			name = insta_swiftuiTests;
			productName = insta_swiftuiTests;
			productReference = 9CC637F429DA739200C6BB3E /* insta_swiftuiTests.xctest */;
			productType = "com.apple.product-type.bundle.unit-test";
		};
		9CC637FD29DA739200C6BB3E /* insta_swiftuiUITests */ = {
			isa = PBXNativeTarget;
			buildConfigurationList = 9CC6380E29DA739200C6BB3E /* Build configuration list for PBXNativeTarget "insta_swiftuiUITests" */;
			buildPhases = (
				9CC637FA29DA739200C6BB3E /* Sources */,
				9CC637FB29DA739200C6BB3E /* Frameworks */,
				9CC637FC29DA739200C6BB3E /* Resources */,
			);
			buildRules = (
			);
			dependencies = (
				9CC6380029DA739200C6BB3E /* PBXTargetDependency */,
			);
			name = insta_swiftuiUITests;
			productName = insta_swiftuiUITests;
			productReference = 9CC637FE29DA739200C6BB3E /* insta_swiftuiUITests.xctest */;
			productType = "com.apple.product-type.bundle.ui-testing";
		};
/* End PBXNativeTarget section */

/* Begin PBXProject section */
		9CC637DC29DA739000C6BB3E /* Project object */ = {
			isa = PBXProject;
			attributes = {
				BuildIndependentTargetsInParallel = 1;
				LastSwiftUpdateCheck = 1430;
				LastUpgradeCheck = 1430;
				TargetAttributes = {
					9CC637E329DA739000C6BB3E = {
						CreatedOnToolsVersion = 14.3;
					};
					9CC637F329DA739200C6BB3E = {
						CreatedOnToolsVersion = 14.3;
						TestTargetID = 9CC637E329DA739000C6BB3E;
					};
					9CC637FD29DA739200C6BB3E = {
						CreatedOnToolsVersion = 14.3;
						TestTargetID = 9CC637E329DA739000C6BB3E;
					};
				};
			};
			buildConfigurationList = 9CC637DF29DA739000C6BB3E /* Build configuration list for PBXProject "insta_swiftui" */;
			compatibilityVersion = "Xcode 14.0";
			developmentRegion = en;
			hasScannedForEncodings = 0;
			knownRegions = (
				en,
				Base,
			);
			mainGroup = 9CC637DB29DA739000C6BB3E;
			productRefGroup = 9CC637E529DA739000C6BB3E /* Products */;
			projectDirPath = "";
			projectRoot = "";
			targets = (
				9CC637E329DA739000C6BB3E /* insta_swiftui */,
				9CC637F329DA739200C6BB3E /* insta_swiftuiTests */,
				9CC637FD29DA739200C6BB3E /* insta_swiftuiUITests */,
			);
		};
/* End PBXProject section */

/* Begin PBXResourcesBuildPhase section */
		9CC637E229DA739000C6BB3E /* Resources */ = {
			isa = PBXResourcesBuildPhase;
			buildActionMask = 2147483647;
			files = (
				9CC637EF29DA739100C6BB3E /* Preview Assets.xcassets in Resources */,
				9CC637EC29DA739100C6BB3E /* Assets.xcassets in Resources */,
			);
			runOnlyForDeploymentPostprocessing = 0;
		};
		9CC637F229DA739200C6BB3E /* Resources */ = {
			isa = PBXResourcesBuildPhase;
			buildActionMask = 2147483647;
			files = (
			);
			runOnlyForDeploymentPostprocessing = 0;
		};
		9CC637FC29DA739200C6BB3E /* Resources */ = {
			isa = PBXResourcesBuildPhase;
			buildActionMask = 2147483647;
			files = (
			);
			runOnlyForDeploymentPostprocessing = 0;
		};
/* End PBXResourcesBuildPhase section */

/* Begin PBXSourcesBuildPhase section */
		9CC637E029DA739000C6BB3E /* Sources */ = {
			isa = PBXSourcesBuildPhase;
			buildActionMask = 2147483647;
			files = (
				9CC637EA29DA739000C6BB3E /* ContentView.swift in Sources */,
				9CC637E829DA739000C6BB3E /* insta_swiftuiApp.swift in Sources */,
			);
			runOnlyForDeploymentPostprocessing = 0;
		};
		9CC637F029DA739200C6BB3E /* Sources */ = {
			isa = PBXSourcesBuildPhase;
			buildActionMask = 2147483647;
			files = (
				9CC637F929DA739200C6BB3E /* insta_swiftuiTests.swift in Sources */,
			);
			runOnlyForDeploymentPostprocessing = 0;
		};
		9CC637FA29DA739200C6BB3E /* Sources */ = {
			isa = PBXSourcesBuildPhase;
			buildActionMask = 2147483647;
			files = (
				9CC6380529DA739200C6BB3E /* insta_swiftuiUITestsLaunchTests.swift in Sources */,
				9CC6380329DA739200C6BB3E /* insta_swiftuiUITests.swift in Sources */,
			);
			runOnlyForDeploymentPostprocessing = 0;
		};
/* End PBXSourcesBuildPhase section */

/* Begin PBXTargetDependency section */
		9CC637F629DA739200C6BB3E /* PBXTargetDependency */ = {
			isa = PBXTargetDependency;
			target = 9CC637E329DA739000C6BB3E /* insta_swiftui */;
			targetProxy = 9CC637F529DA739200C6BB3E /* PBXContainerItemProxy */;
		};
		9CC6380029DA739200C6BB3E /* PBXTargetDependency */ = {
			isa = PBXTargetDependency;
			target = 9CC637E329DA739000C6BB3E /* insta_swiftui */;
			targetProxy = 9CC637FF29DA739200C6BB3E /* PBXContainerItemProxy */;
		};
/* End PBXTargetDependency section */

/* Begin XCBuildConfiguration section */
		9CC6380629DA739200C6BB3E /* Debug */ = {
			isa = XCBuildConfiguration;
			buildSettings = {
				ALWAYS_SEARCH_USER_PATHS = NO;
				CLANG_ANALYZER_NONNULL = YES;
				CLANG_ANALYZER_NUMBER_OBJECT_CONVERSION = YES_AGGRESSIVE;
				CLANG_CXX_LANGUAGE_STANDARD = "gnu++20";
				CLANG_ENABLE_MODULES = YES;
				CLANG_ENABLE_OBJC_ARC = YES;
				CLANG_ENABLE_OBJC_WEAK = YES;
				CLANG_WARN_BLOCK_CAPTURE_AUTORELEASING = YES;
				CLANG_WARN_BOOL_CONVERSION = YES;
				CLANG_WARN_COMMA = YES;
				CLANG_WARN_CONSTANT_CONVERSION = YES;
				CLANG_WARN_DEPRECATED_OBJC_IMPLEMENTATIONS = YES;
				CLANG_WARN_DIRECT_OBJC_ISA_USAGE = YES_ERROR;
				CLANG_WARN_DOCUMENTATION_COMMENTS = YES;
				CLANG_WARN_EMPTY_BODY = YES;
				CLANG_WARN_ENUM_CONVERSION = YES;
				CLANG_WARN_INFINITE_RECURSION = YES;
				CLANG_WARN_INT_CONVERSION = YES;
				CLANG_WARN_NON_LITERAL_NULL_CONVERSION = YES;
				CLANG_WARN_OBJC_IMPLICIT_RETAIN_SELF = YES;
				CLANG_WARN_OBJC_LITERAL_CONVERSION = YES;
				CLANG_WARN_OBJC_ROOT_CLASS = YES_ERROR;
				CLANG_WARN_QUOTED_INCLUDE_IN_FRAMEWORK_HEADER = YES;
				CLANG_WARN_RANGE_LOOP_ANALYSIS = YES;
				CLANG_WARN_STRICT_PROTOTYPES = YES;
				CLANG_WARN_SUSPICIOUS_MOVE = YES;
				CLANG_WARN_UNGUARDED_AVAILABILITY = YES_AGGRESSIVE;
				CLANG_WARN_UNREACHABLE_CODE = YES;
				CLANG_WARN__DUPLICATE_METHOD_MATCH = YES;
				COPY_PHASE_STRIP = NO;
				DEBUG_INFORMATION_FORMAT = dwarf;
				ENABLE_STRICT_OBJC_MSGSEND = YES;
				ENABLE_TESTABILITY = YES;
				GCC_C_LANGUAGE_STANDARD = gnu11;
				GCC_DYNAMIC_NO_PIC = NO;
				GCC_NO_COMMON_BLOCKS = YES;
				GCC_OPTIMIZATION_LEVEL = 0;
				GCC_PREPROCESSOR_DEFINITIONS = (
					"DEBUG=1",
					"$(inherited)",
				);
				GCC_WARN_64_TO_32_BIT_CONVERSION = YES;
				GCC_WARN_ABOUT_RETURN_TYPE = YES_ERROR;
				GCC_WARN_UNDECLARED_SELECTOR = YES;
				GCC_WARN_UNINITIALIZED_AUTOS = YES_AGGRESSIVE;
				GCC_WARN_UNUSED_FUNCTION = YES;
				GCC_WARN_UNUSED_VARIABLE = YES;
				IPHONEOS_DEPLOYMENT_TARGET = 16.4;
				MTL_ENABLE_DEBUG_INFO = INCLUDE_SOURCE;
				MTL_FAST_MATH = YES;
				ONLY_ACTIVE_ARCH = YES;
				SDKROOT = iphoneos;
				SWIFT_ACTIVE_COMPILATION_CONDITIONS = DEBUG;
				SWIFT_OPTIMIZATION_LEVEL = "-Onone";
			};
			name = Debug;
		};
		9CC6380729DA739200C6BB3E /* Release */ = {
			isa = XCBuildConfiguration;
			buildSettings = {
				ALWAYS_SEARCH_USER_PATHS = NO;
				CLANG_ANALYZER_NONNULL = YES;
				CLANG_ANALYZER_NUMBER_OBJECT_CONVERSION = YES_AGGRESSIVE;
				CLANG_CXX_LANGUAGE_STANDARD = "gnu++20";
				CLANG_ENABLE_MODULES = YES;
				CLANG_ENABLE_OBJC_ARC = YES;
				CLANG_ENABLE_OBJC_WEAK = YES;
				CLANG_WARN_BLOCK_CAPTURE_AUTORELEASING = YES;
				CLANG_WARN_BOOL_CONVERSION = YES;
				CLANG_WARN_COMMA = YES;
				CLANG_WARN_CONSTANT_CONVERSION = YES;
				CLANG_WARN_DEPRECATED_OBJC_IMPLEMENTATIONS = YES;
				CLANG_WARN_DIRECT_OBJC_ISA_USAGE = YES_ERROR;
				CLANG_WARN_DOCUMENTATION_COMMENTS = YES;
				CLANG_WARN_EMPTY_BODY = YES;
				CLANG_WARN_ENUM_CONVERSION = YES;
				CLANG_WARN_INFINITE_RECURSION = YES;
				CLANG_WARN_INT_CONVERSION = YES;
				CLANG_WARN_NON_LITERAL_NULL_CONVERSION = YES;
				CLANG_WARN_OBJC_IMPLICIT_RETAIN_SELF = YES;
				CLANG_WARN_OBJC_LITERAL_CONVERSION = YES;
				CLANG_WARN_OBJC_ROOT_CLASS = YES_ERROR;
				CLANG_WARN_QUOTED_INCLUDE_IN_FRAMEWORK_HEADER = YES;
				CLANG_WARN_RANGE_LOOP_ANALYSIS = YES;
				CLANG_WARN_STRICT_PROTOTYPES = YES;
				CLANG_WARN_SUSPICIOUS_MOVE = YES;
				CLANG_WARN_UNGUARDED_AVAILABILITY = YES_AGGRESSIVE;
				CLANG_WARN_UNREACHABLE_CODE = YES;
				CLANG_WARN__DUPLICATE_METHOD_MATCH = YES;
				COPY_PHASE_STRIP = NO;
				DEBUG_INFORMATION_FORMAT = "dwarf-with-dsym";
				ENABLE_NS_ASSERTIONS = NO;
				ENABLE_STRICT_OBJC_MSGSEND = YES;
				GCC_C_LANGUAGE_STANDARD = gnu11;
				GCC_NO_COMMON_BLOCKS = YES;
				GCC_WARN_64_TO_32_BIT_CONVERSION = YES;
				GCC_WARN_ABOUT_RETURN_TYPE = YES_ERROR;
				GCC_WARN_UNDECLARED_SELECTOR = YES;
				GCC_WARN_UNINITIALIZED_AUTOS = YES_AGGRESSIVE;
				GCC_WARN_UNUSED_FUNCTION = YES;
				GCC_WARN_UNUSED_VARIABLE = YES;
				IPHONEOS_DEPLOYMENT_TARGET = 16.4;
				MTL_ENABLE_DEBUG_INFO = NO;
				MTL_FAST_MATH = YES;
				SDKROOT = iphoneos;
				SWIFT_COMPILATION_MODE = wholemodule;
				SWIFT_OPTIMIZATION_LEVEL = "-O";
				VALIDATE_PRODUCT = YES;
			};
			name = Release;
		};
		9CC6380929DA739200C6BB3E /* Debug */ = {
			isa = XCBuildConfiguration;
			buildSettings = {
				ASSETCATALOG_COMPILER_APPICON_NAME = AppIcon;
				ASSETCATALOG_COMPILER_GLOBAL_ACCENT_COLOR_NAME = AccentColor;
				CODE_SIGN_STYLE = Automatic;
				CURRENT_PROJECT_VERSION = 1;
				DEVELOPMENT_ASSET_PATHS = "\"insta_swiftui/Preview Content\"";
				DEVELOPMENT_TEAM = 4CGJ66G3BY;
				ENABLE_PREVIEWS = YES;
				GENERATE_INFOPLIST_FILE = YES;
				INFOPLIST_KEY_UIApplicationSceneManifest_Generation = YES;
				INFOPLIST_KEY_UIApplicationSupportsIndirectInputEvents = YES;
				INFOPLIST_KEY_UILaunchScreen_Generation = YES;
				INFOPLIST_KEY_UISupportedInterfaceOrientations_iPad = "UIInterfaceOrientationPortrait UIInterfaceOrientationPortraitUpsideDown UIInterfaceOrientationLandscapeLeft UIInterfaceOrientationLandscapeRight";
				INFOPLIST_KEY_UISupportedInterfaceOrientations_iPhone = "UIInterfaceOrientationPortrait UIInterfaceOrientationLandscapeLeft UIInterfaceOrientationLandscapeRight";
				LD_RUNPATH_SEARCH_PATHS = (
					"$(inherited)",
					"@executable_path/Frameworks",
				);
				MARKETING_VERSION = 1.0;
				PRODUCT_BUNDLE_IDENTIFIER = "Dinara-Zimanova.insta-swiftui";
				PRODUCT_NAME = "$(TARGET_NAME)";
				SWIFT_EMIT_LOC_STRINGS = YES;
				SWIFT_VERSION = 5.0;
				TARGETED_DEVICE_FAMILY = "1,2";
			};
			name = Debug;
		};
		9CC6380A29DA739200C6BB3E /* Release */ = {
			isa = XCBuildConfiguration;
			buildSettings = {
				ASSETCATALOG_COMPILER_APPICON_NAME = AppIcon;
				ASSETCATALOG_COMPILER_GLOBAL_ACCENT_COLOR_NAME = AccentColor;
				CODE_SIGN_STYLE = Automatic;
				CURRENT_PROJECT_VERSION = 1;
				DEVELOPMENT_ASSET_PATHS = "\"insta_swiftui/Preview Content\"";
				DEVELOPMENT_TEAM = 4CGJ66G3BY;
				ENABLE_PREVIEWS = YES;
				GENERATE_INFOPLIST_FILE = YES;
				INFOPLIST_KEY_UIApplicationSceneManifest_Generation = YES;
				INFOPLIST_KEY_UIApplicationSupportsIndirectInputEvents = YES;
				INFOPLIST_KEY_UILaunchScreen_Generation = YES;
				INFOPLIST_KEY_UISupportedInterfaceOrientations_iPad = "UIInterfaceOrientationPortrait UIInterfaceOrientationPortraitUpsideDown UIInterfaceOrientationLandscapeLeft UIInterfaceOrientationLandscapeRight";
				INFOPLIST_KEY_UISupportedInterfaceOrientations_iPhone = "UIInterfaceOrientationPortrait UIInterfaceOrientationLandscapeLeft UIInterfaceOrientationLandscapeRight";
				LD_RUNPATH_SEARCH_PATHS = (
					"$(inherited)",
					"@executable_path/Frameworks",
				);
				MARKETING_VERSION = 1.0;
				PRODUCT_BUNDLE_IDENTIFIER = "Dinara-Zimanova.insta-swiftui";
				PRODUCT_NAME = "$(TARGET_NAME)";
				SWIFT_EMIT_LOC_STRINGS = YES;
				SWIFT_VERSION = 5.0;
				TARGETED_DEVICE_FAMILY = "1,2";
			};
			name = Release;
		};
		9CC6380C29DA739200C6BB3E /* Debug */ = {
			isa = XCBuildConfiguration;
			buildSettings = {
				ALWAYS_EMBED_SWIFT_STANDARD_LIBRARIES = YES;
				BUNDLE_LOADER = "$(TEST_HOST)";
				CODE_SIGN_STYLE = Automatic;
				CURRENT_PROJECT_VERSION = 1;
				DEVELOPMENT_TEAM = 4CGJ66G3BY;
				GENERATE_INFOPLIST_FILE = YES;
				IPHONEOS_DEPLOYMENT_TARGET = 16.4;
				MARKETING_VERSION = 1.0;
				PRODUCT_BUNDLE_IDENTIFIER = "Dinara-Zimanova.insta-swiftuiTests";
				PRODUCT_NAME = "$(TARGET_NAME)";
				SWIFT_EMIT_LOC_STRINGS = NO;
				SWIFT_VERSION = 5.0;
				TARGETED_DEVICE_FAMILY = "1,2";
				TEST_HOST = "$(BUILT_PRODUCTS_DIR)/insta_swiftui.app/$(BUNDLE_EXECUTABLE_FOLDER_PATH)/insta_swiftui";
			};
			name = Debug;
		};
		9CC6380D29DA739200C6BB3E /* Release */ = {
			isa = XCBuildConfiguration;
			buildSettings = {
				ALWAYS_EMBED_SWIFT_STANDARD_LIBRARIES = YES;
				BUNDLE_LOADER = "$(TEST_HOST)";
				CODE_SIGN_STYLE = Automatic;
				CURRENT_PROJECT_VERSION = 1;
				DEVELOPMENT_TEAM = 4CGJ66G3BY;
				GENERATE_INFOPLIST_FILE = YES;
				IPHONEOS_DEPLOYMENT_TARGET = 16.4;
				MARKETING_VERSION = 1.0;
				PRODUCT_BUNDLE_IDENTIFIER = "Dinara-Zimanova.insta-swiftuiTests";
				PRODUCT_NAME = "$(TARGET_NAME)";
				SWIFT_EMIT_LOC_STRINGS = NO;
				SWIFT_VERSION = 5.0;
				TARGETED_DEVICE_FAMILY = "1,2";
				TEST_HOST = "$(BUILT_PRODUCTS_DIR)/insta_swiftui.app/$(BUNDLE_EXECUTABLE_FOLDER_PATH)/insta_swiftui";
			};
			name = Release;
		};
		9CC6380F29DA739200C6BB3E /* Debug */ = {
			isa = XCBuildConfiguration;
			buildSettings = {
				ALWAYS_EMBED_SWIFT_STANDARD_LIBRARIES = YES;
				CODE_SIGN_STYLE = Automatic;
				CURRENT_PROJECT_VERSION = 1;
				DEVELOPMENT_TEAM = 4CGJ66G3BY;
				GENERATE_INFOPLIST_FILE = YES;
				MARKETING_VERSION = 1.0;
				PRODUCT_BUNDLE_IDENTIFIER = "Dinara-Zimanova.insta-swiftuiUITests";
				PRODUCT_NAME = "$(TARGET_NAME)";
				SWIFT_EMIT_LOC_STRINGS = NO;
				SWIFT_VERSION = 5.0;
				TARGETED_DEVICE_FAMILY = "1,2";
				TEST_TARGET_NAME = insta_swiftui;
			};
			name = Debug;
		};
		9CC6381029DA739200C6BB3E /* Release */ = {
			isa = XCBuildConfiguration;
			buildSettings = {
				ALWAYS_EMBED_SWIFT_STANDARD_LIBRARIES = YES;
				CODE_SIGN_STYLE = Automatic;
				CURRENT_PROJECT_VERSION = 1;
				DEVELOPMENT_TEAM = 4CGJ66G3BY;
				GENERATE_INFOPLIST_FILE = YES;
				MARKETING_VERSION = 1.0;
				PRODUCT_BUNDLE_IDENTIFIER = "Dinara-Zimanova.insta-swiftuiUITests";
				PRODUCT_NAME = "$(TARGET_NAME)";
				SWIFT_EMIT_LOC_STRINGS = NO;
				SWIFT_VERSION = 5.0;
				TARGETED_DEVICE_FAMILY = "1,2";
				TEST_TARGET_NAME = insta_swiftui;
			};
			name = Release;
		};
/* End XCBuildConfiguration section */

/* Begin XCConfigurationList section */
		9CC637DF29DA739000C6BB3E /* Build configuration list for PBXProject "insta_swiftui" */ = {
			isa = XCConfigurationList;
			buildConfigurations = (
				9CC6380629DA739200C6BB3E /* Debug */,
				9CC6380729DA739200C6BB3E /* Release */,
			);
			defaultConfigurationIsVisible = 0;
			defaultConfigurationName = Release;
		};
		9CC6380829DA739200C6BB3E /* Build configuration list for PBXNativeTarget "insta_swiftui" */ = {
			isa = XCConfigurationList;
			buildConfigurations = (
				9CC6380929DA739200C6BB3E /* Debug */,
				9CC6380A29DA739200C6BB3E /* Release */,
			);
			defaultConfigurationIsVisible = 0;
			defaultConfigurationName = Release;
		};
		9CC6380B29DA739200C6BB3E /* Build configuration list for PBXNativeTarget "insta_swiftuiTests" */ = {
			isa = XCConfigurationList;
			buildConfigurations = (
				9CC6380C29DA739200C6BB3E /* Debug */,
				9CC6380D29DA739200C6BB3E /* Release */,
			);
			defaultConfigurationIsVisible = 0;
			defaultConfigurationName = Release;
		};
		9CC6380E29DA739200C6BB3E /* Build configuration list for PBXNativeTarget "insta_swiftuiUITests" */ = {
			isa = XCConfigurationList;
			buildConfigurations = (
				9CC6380F29DA739200C6BB3E /* Debug */,
				9CC6381029DA739200C6BB3E /* Release */,
			);
			defaultConfigurationIsVisible = 0;
			defaultConfigurationName = Release;
		};
/* End XCConfigurationList section */
	};
	rootObject = 9CC637DC29DA739000C6BB3E /* Project object */;
}
